// !$*UTF8*$!
{
	archiveVersion = 1;
	classes = {
	};
	objectVersion = 46;
	objects = {

/* Begin PBXBuildFile section */
		06FBAA391C633F480037BCCC /* AppDelegate.swift in Sources */ = {isa = PBXBuildFile; fileRef = 06FBAA381C633F480037BCCC /* AppDelegate.swift */; };
		06FBAA3B1C633F480037BCCC /* ViewController.swift in Sources */ = {isa = PBXBuildFile; fileRef = 06FBAA3A1C633F480037BCCC /* ViewController.swift */; };
		06FBAA3E1C633F480037BCCC /* Main.storyboard in Resources */ = {isa = PBXBuildFile; fileRef = 06FBAA3C1C633F480037BCCC /* Main.storyboard */; };
		06FBAA401C633F480037BCCC /* Assets.xcassets in Resources */ = {isa = PBXBuildFile; fileRef = 06FBAA3F1C633F480037BCCC /* Assets.xcassets */; };
		06FBAA431C633F480037BCCC /* LaunchScreen.storyboard in Resources */ = {isa = PBXBuildFile; fileRef = 06FBAA411C633F480037BCCC /* LaunchScreen.storyboard */; };
		06FBAA4E1C633F480037BCCC /* count2Tests.swift in Sources */ = {isa = PBXBuildFile; fileRef = 06FBAA4D1C633F480037BCCC /* count2Tests.swift */; };
		06FBAA591C633F480037BCCC /* count2UITests.swift in Sources */ = {isa = PBXBuildFile; fileRef = 06FBAA581C633F480037BCCC /* count2UITests.swift */; };
		06FBAA671C633F9A0037BCCC /* haikei.jpg in Resources */ = {isa = PBXBuildFile; fileRef = 06FBAA661C633F9A0037BCCC /* haikei.jpg */; };
		06FBAA691C6343CB0037BCCC /* haikei3.jpg in Resources */ = {isa = PBXBuildFile; fileRef = 06FBAA681C6343CB0037BCCC /* haikei3.jpg */; };
		06FBAAE31C65B6720037BCCC /* golf.jpg in Resources */ = {isa = PBXBuildFile; fileRef = 06FBAAE21C65B6720037BCCC /* golf.jpg */; };
		06FBAAE51C65B67C0037BCCC /* tennis.jpg in Resources */ = {isa = PBXBuildFile; fileRef = 06FBAAE41C65B67C0037BCCC /* tennis.jpg */; };
		06FBAAE71C65B6870037BCCC /* baseball.jpg in Resources */ = {isa = PBXBuildFile; fileRef = 06FBAAE61C65B6870037BCCC /* baseball.jpg */; };
/* End PBXBuildFile section */

/* Begin PBXContainerItemProxy section */
		06FBAA4A1C633F480037BCCC /* PBXContainerItemProxy */ = {
			isa = PBXContainerItemProxy;
			containerPortal = 06FBAA2D1C633F480037BCCC /* Project object */;
			proxyType = 1;
			remoteGlobalIDString = 06FBAA341C633F480037BCCC;
			remoteInfo = count2;
		};
		06FBAA551C633F480037BCCC /* PBXContainerItemProxy */ = {
			isa = PBXContainerItemProxy;
			containerPortal = 06FBAA2D1C633F480037BCCC /* Project object */;
			proxyType = 1;
			remoteGlobalIDString = 06FBAA341C633F480037BCCC;
			remoteInfo = count2;
		};
/* End PBXContainerItemProxy section */

/* Begin PBXFileReference section */
		06FBAA351C633F480037BCCC /* count2.app */ = {isa = PBXFileReference; explicitFileType = wrapper.application; includeInIndex = 0; path = count2.app; sourceTree = BUILT_PRODUCTS_DIR; };
		06FBAA381C633F480037BCCC /* AppDelegate.swift */ = {isa = PBXFileReference; lastKnownFileType = sourcecode.swift; path = AppDelegate.swift; sourceTree = "<group>"; };
		06FBAA3A1C633F480037BCCC /* ViewController.swift */ = {isa = PBXFileReference; lastKnownFileType = sourcecode.swift; path = ViewController.swift; sourceTree = "<group>"; };
		06FBAA3D1C633F480037BCCC /* Base */ = {isa = PBXFileReference; lastKnownFileType = file.storyboard; name = Base; path = Base.lproj/Main.storyboard; sourceTree = "<group>"; };
		06FBAA3F1C633F480037BCCC /* Assets.xcassets */ = {isa = PBXFileReference; lastKnownFileType = folder.assetcatalog; path = Assets.xcassets; sourceTree = "<group>"; };
		06FBAA421C633F480037BCCC /* Base */ = {isa = PBXFileReference; lastKnownFileType = file.storyboard; name = Base; path = Base.lproj/LaunchScreen.storyboard; sourceTree = "<group>"; };
		06FBAA441C633F480037BCCC /* Info.plist */ = {isa = PBXFileReference; lastKnownFileType = text.plist.xml; path = Info.plist; sourceTree = "<group>"; };
		06FBAA491C633F480037BCCC /* count2Tests.xctest */ = {isa = PBXFileReference; explicitFileType = wrapper.cfbundle; includeInIndex = 0; path = count2Tests.xctest; sourceTree = BUILT_PRODUCTS_DIR; };
		06FBAA4D1C633F480037BCCC /* count2Tests.swift */ = {isa = PBXFileReference; lastKnownFileType = sourcecode.swift; path = count2Tests.swift; sourceTree = "<group>"; };
		06FBAA4F1C633F480037BCCC /* Info.plist */ = {isa = PBXFileReference; lastKnownFileType = text.plist.xml; path = Info.plist; sourceTree = "<group>"; };
		06FBAA541C633F480037BCCC /* count2UITests.xctest */ = {isa = PBXFileReference; explicitFileType = wrapper.cfbundle; includeInIndex = 0; path = count2UITests.xctest; sourceTree = BUILT_PRODUCTS_DIR; };
		06FBAA581C633F480037BCCC /* count2UITests.swift */ = {isa = PBXFileReference; lastKnownFileType = sourcecode.swift; path = count2UITests.swift; sourceTree = "<group>"; };
		06FBAA5A1C633F480037BCCC /* Info.plist */ = {isa = PBXFileReference; lastKnownFileType = text.plist.xml; path = Info.plist; sourceTree = "<group>"; };
		06FBAA661C633F9A0037BCCC /* haikei.jpg */ = {isa = PBXFileReference; lastKnownFileType = image.jpeg; path = haikei.jpg; sourceTree = "<group>"; };
		06FBAA681C6343CB0037BCCC /* haikei3.jpg */ = {isa = PBXFileReference; lastKnownFileType = image.jpeg; path = haikei3.jpg; sourceTree = "<group>"; };
		06FBAAE21C65B6720037BCCC /* golf.jpg */ = {isa = PBXFileReference; lastKnownFileType = image.jpeg; path = golf.jpg; sourceTree = "<group>"; };
		06FBAAE41C65B67C0037BCCC /* tennis.jpg */ = {isa = PBXFileReference; lastKnownFileType = image.jpeg; path = tennis.jpg; sourceTree = "<group>"; };
		06FBAAE61C65B6870037BCCC /* baseball.jpg */ = {isa = PBXFileReference; lastKnownFileType = image.jpeg; path = baseball.jpg; sourceTree = "<group>"; };
/* End PBXFileReference section */

/* Begin PBXFrameworksBuildPhase section */
		06FBAA321C633F480037BCCC /* Frameworks */ = {
			isa = PBXFrameworksBuildPhase;
			buildActionMask = 2147483647;
			files = (
			);
			runOnlyForDeploymentPostprocessing = 0;
		};
		06FBAA461C633F480037BCCC /* Frameworks */ = {
			isa = PBXFrameworksBuildPhase;
			buildActionMask = 2147483647;
			files = (
			);
			runOnlyForDeploymentPostprocessing = 0;
		};
		06FBAA511C633F480037BCCC /* Frameworks */ = {
			isa = PBXFrameworksBuildPhase;
			buildActionMask = 2147483647;
			files = (
			);
			runOnlyForDeploymentPostprocessing = 0;
		};
/* End PBXFrameworksBuildPhase section */

/* Begin PBXGroup section */
		06FBAA2C1C633F480037BCCC = {
			isa = PBXGroup;
			children = (
				06FBAA371C633F480037BCCC /* count2 */,
				06FBAA4C1C633F480037BCCC /* count2Tests */,
				06FBAA571C633F480037BCCC /* count2UITests */,
				06FBAA361C633F480037BCCC /* Products */,
			);
			sourceTree = "<group>";
		};
		06FBAA361C633F480037BCCC /* Products */ = {
			isa = PBXGroup;
			children = (
				06FBAA351C633F480037BCCC /* count2.app */,
				06FBAA491C633F480037BCCC /* count2Tests.xctest */,
				06FBAA541C633F480037BCCC /* count2UITests.xctest */,
			);
			name = Products;
			sourceTree = "<group>";
		};
		06FBAA371C633F480037BCCC /* count2 */ = {
			isa = PBXGroup;
			children = (
				06FBAA681C6343CB0037BCCC /* haikei3.jpg */,
				06FBAA661C633F9A0037BCCC /* haikei.jpg */,
				06FBAA381C633F480037BCCC /* AppDelegate.swift */,
				06FBAA3A1C633F480037BCCC /* ViewController.swift */,
				06FBAA3C1C633F480037BCCC /* Main.storyboard */,
				06FBAAE61C65B6870037BCCC /* baseball.jpg */,
				06FBAAE41C65B67C0037BCCC /* tennis.jpg */,
				06FBAAE21C65B6720037BCCC /* golf.jpg */,
				06FBAA3F1C633F480037BCCC /* Assets.xcassets */,
				06FBAA411C633F480037BCCC /* LaunchScreen.storyboard */,
				06FBAA441C633F480037BCCC /* Info.plist */,
			);
			path = count2;
			sourceTree = "<group>";
		};
		06FBAA4C1C633F480037BCCC /* count2Tests */ = {
			isa = PBXGroup;
			children = (
				06FBAA4D1C633F480037BCCC /* count2Tests.swift */,
				06FBAA4F1C633F480037BCCC /* Info.plist */,
			);
			path = count2Tests;
			sourceTree = "<group>";
		};
		06FBAA571C633F480037BCCC /* count2UITests */ = {
			isa = PBXGroup;
			children = (
				06FBAA581C633F480037BCCC /* count2UITests.swift */,
				06FBAA5A1C633F480037BCCC /* Info.plist */,
			);
			path = count2UITests;
			sourceTree = "<group>";
		};
/* End PBXGroup section */

/* Begin PBXNativeTarget section */
		06FBAA341C633F480037BCCC /* count2 */ = {
			isa = PBXNativeTarget;
			buildConfigurationList = 06FBAA5D1C633F480037BCCC /* Build configuration list for PBXNativeTarget "count2" */;
			buildPhases = (
				06FBAA311C633F480037BCCC /* Sources */,
				06FBAA321C633F480037BCCC /* Frameworks */,
				06FBAA331C633F480037BCCC /* Resources */,
			);
			buildRules = (
			);
			dependencies = (
			);
			name = count2;
			productName = count2;
			productReference = 06FBAA351C633F480037BCCC /* count2.app */;
			productType = "com.apple.product-type.application";
		};
		06FBAA481C633F480037BCCC /* count2Tests */ = {
			isa = PBXNativeTarget;
			buildConfigurationList = 06FBAA601C633F480037BCCC /* Build configuration list for PBXNativeTarget "count2Tests" */;
			buildPhases = (
				06FBAA451C633F480037BCCC /* Sources */,
				06FBAA461C633F480037BCCC /* Frameworks */,
				06FBAA471C633F480037BCCC /* Resources */,
			);
			buildRules = (
			);
			dependencies = (
				06FBAA4B1C633F480037BCCC /* PBXTargetDependency */,
			);
			name = count2Tests;
			productName = count2Tests;
			productReference = 06FBAA491C633F480037BCCC /* count2Tests.xctest */;
			productType = "com.apple.product-type.bundle.unit-test";
		};
		06FBAA531C633F480037BCCC /* count2UITests */ = {
			isa = PBXNativeTarget;
			buildConfigurationList = 06FBAA631C633F480037BCCC /* Build configuration list for PBXNativeTarget "count2UITests" */;
			buildPhases = (
				06FBAA501C633F480037BCCC /* Sources */,
				06FBAA511C633F480037BCCC /* Frameworks */,
				06FBAA521C633F480037BCCC /* Resources */,
			);
			buildRules = (
			);
			dependencies = (
				06FBAA561C633F480037BCCC /* PBXTargetDependency */,
			);
			name = count2UITests;
			productName = count2UITests;
			productReference = 06FBAA541C633F480037BCCC /* count2UITests.xctest */;
			productType = "com.apple.product-type.bundle.ui-testing";
		};
/* End PBXNativeTarget section */

/* Begin PBXProject section */
		06FBAA2D1C633F480037BCCC /* Project object */ = {
			isa = PBXProject;
			attributes = {
				LastSwiftUpdateCheck = 0720;
				LastUpgradeCheck = 0720;
				ORGANIZATIONNAME = "Yuki Sakata";
				TargetAttributes = {
					06FBAA341C633F480037BCCC = {
						CreatedOnToolsVersion = 7.2;
					};
					06FBAA481C633F480037BCCC = {
						CreatedOnToolsVersion = 7.2;
						TestTargetID = 06FBAA341C633F480037BCCC;
					};
					06FBAA531C633F480037BCCC = {
						CreatedOnToolsVersion = 7.2;
						TestTargetID = 06FBAA341C633F480037BCCC;
					};
				};
			};
			buildConfigurationList = 06FBAA301C633F480037BCCC /* Build configuration list for PBXProject "count2" */;
			compatibilityVersion = "Xcode 3.2";
			developmentRegion = English;
			hasScannedForEncodings = 0;
			knownRegions = (
				en,
				Base,
			);
			mainGroup = 06FBAA2C1C633F480037BCCC;
			productRefGroup = 06FBAA361C633F480037BCCC /* Products */;
			projectDirPath = "";
			projectRoot = "";
			targets = (
				06FBAA341C633F480037BCCC /* count2 */,
				06FBAA481C633F480037BCCC /* count2Tests */,
				06FBAA531C633F480037BCCC /* count2UITests */,
			);
		};
/* End PBXProject section */

/* Begin PBXResourcesBuildPhase section */
		06FBAA331C633F480037BCCC /* Resources */ = {
			isa = PBXResourcesBuildPhase;
			buildActionMask = 2147483647;
			files = (
				06FBAA691C6343CB0037BCCC /* haikei3.jpg in Resources */,
				06FBAAE71C65B6870037BCCC /* baseball.jpg in Resources */,
				06FBAAE31C65B6720037BCCC /* golf.jpg in Resources */,
				06FBAA671C633F9A0037BCCC /* haikei.jpg in Resources */,
				06FBAA431C633F480037BCCC /* LaunchScreen.storyboard in Resources */,
				06FBAA401C633F480037BCCC /* Assets.xcassets in Resources */,
				06FBAA3E1C633F480037BCCC /* Main.storyboard in Resources */,
				06FBAAE51C65B67C0037BCCC /* tennis.jpg in Resources */,
			);
			runOnlyForDeploymentPostprocessing = 0;
		};
		06FBAA471C633F480037BCCC /* Resources */ = {
			isa = PBXResourcesBuildPhase;
			buildActionMask = 2147483647;
			files = (
			);
			runOnlyForDeploymentPostprocessing = 0;
		};
		06FBAA521C633F480037BCCC /* Resources */ = {
			isa = PBXResourcesBuildPhase;
			buildActionMask = 2147483647;
			files = (
			);
			runOnlyForDeploymentPostprocessing = 0;
		};
/* End PBXResourcesBuildPhase section */

/* Begin PBXSourcesBuildPhase section */
		06FBAA311C633F480037BCCC /* Sources */ = {
			isa = PBXSourcesBuildPhase;
			buildActionMask = 2147483647;
			files = (
				06FBAA3B1C633F480037BCCC /* ViewController.swift in Sources */,
				06FBAA391C633F480037BCCC /* AppDelegate.swift in Sources */,
			);
			runOnlyForDeploymentPostprocessing = 0;
		};
		06FBAA451C633F480037BCCC /* Sources */ = {
			isa = PBXSourcesBuildPhase;
			buildActionMask = 2147483647;
			files = (
				06FBAA4E1C633F480037BCCC /* count2Tests.swift in Sources */,
			);
			runOnlyForDeploymentPostprocessing = 0;
		};
		06FBAA501C633F480037BCCC /* Sources */ = {
			isa = PBXSourcesBuildPhase;
			buildActionMask = 2147483647;
			files = (
				06FBAA591C633F480037BCCC /* count2UITests.swift in Sources */,
			);
			runOnlyForDeploymentPostprocessing = 0;
		};
/* End PBXSourcesBuildPhase section */

/* Begin PBXTargetDependency section */
		06FBAA4B1C633F480037BCCC /* PBXTargetDependency */ = {
			isa = PBXTargetDependency;
			target = 06FBAA341C633F480037BCCC /* count2 */;
			targetProxy = 06FBAA4A1C633F480037BCCC /* PBXContainerItemProxy */;
		};
		06FBAA561C633F480037BCCC /* PBXTargetDependency */ = {
			isa = PBXTargetDependency;
			target = 06FBAA341C633F480037BCCC /* count2 */;
			targetProxy = 06FBAA551C633F480037BCCC /* PBXContainerItemProxy */;
		};
/* End PBXTargetDependency section */

/* Begin PBXVariantGroup section */
		06FBAA3C1C633F480037BCCC /* Main.storyboard */ = {
			isa = PBXVariantGroup;
			children = (
				06FBAA3D1C633F480037BCCC /* Base */,
			);
			name = Main.storyboard;
			sourceTree = "<group>";
		};
		06FBAA411C633F480037BCCC /* LaunchScreen.storyboard */ = {
			isa = PBXVariantGroup;
			children = (
				06FBAA421C633F480037BCCC /* Base */,
			);
			name = LaunchScreen.storyboard;
			sourceTree = "<group>";
		};
/* End PBXVariantGroup section */

/* Begin XCBuildConfiguration section */
		06FBAA5B1C633F480037BCCC /* Debug */ = {
			isa = XCBuildConfiguration;
			buildSettings = {
				ALWAYS_SEARCH_USER_PATHS = NO;
				CLANG_CXX_LANGUAGE_STANDARD = "gnu++0x";
				CLANG_CXX_LIBRARY = "libc++";
				CLANG_ENABLE_MODULES = YES;
				CLANG_ENABLE_OBJC_ARC = YES;
				CLANG_WARN_BOOL_CONVERSION = YES;
				CLANG_WARN_CONSTANT_CONVERSION = YES;
				CLANG_WARN_DIRECT_OBJC_ISA_USAGE = YES_ERROR;
				CLANG_WARN_EMPTY_BODY = YES;
				CLANG_WARN_ENUM_CONVERSION = YES;
				CLANG_WARN_INT_CONVERSION = YES;
				CLANG_WARN_OBJC_ROOT_CLASS = YES_ERROR;
				CLANG_WARN_UNREACHABLE_CODE = YES;
				CLANG_WARN__DUPLICATE_METHOD_MATCH = YES;
				"CODE_SIGN_IDENTITY[sdk=iphoneos*]" = "iPhone Developer";
				COPY_PHASE_STRIP = NO;
				DEBUG_INFORMATION_FORMAT = dwarf;
				ENABLE_STRICT_OBJC_MSGSEND = YES;
				ENABLE_TESTABILITY = YES;
				GCC_C_LANGUAGE_STANDARD = gnu99;
				GCC_DYNAMIC_NO_PIC = NO;
				GCC_NO_COMMON_BLOCKS = YES;
				GCC_OPTIMIZATION_LEVEL = 0;
				GCC_PREPROCESSOR_DEFINITIONS = (
					"DEBUG=1",
					"$(inherited)",
				);
				GCC_WARN_64_TO_32_BIT_CONVERSION = YES;
				GCC_WARN_ABOUT_RETURN_TYPE = YES_ERROR;
				GCC_WARN_UNDECLARED_SELECTOR = YES;
				GCC_WARN_UNINITIALIZED_AUTOS = YES_AGGRESSIVE;
				GCC_WARN_UNUSED_FUNCTION = YES;
				GCC_WARN_UNUSED_VARIABLE = YES;
				IPHONEOS_DEPLOYMENT_TARGET = 9.2;
				MTL_ENABLE_DEBUG_INFO = YES;
				ONLY_ACTIVE_ARCH = YES;
				SDKROOT = iphoneos;
				SWIFT_OPTIMIZATION_LEVEL = "-Onone";
			};
			name = Debug;
		};
		06FBAA5C1C633F480037BCCC /* Release */ = {
			isa = XCBuildConfiguration;
			buildSettings = {
				ALWAYS_SEARCH_USER_PATHS = NO;
				CLANG_CXX_LANGUAGE_STANDARD = "gnu++0x";
				CLANG_CXX_LIBRARY = "libc++";
				CLANG_ENABLE_MODULES = YES;
				CLANG_ENABLE_OBJC_ARC = YES;
				CLANG_WARN_BOOL_CONVERSION = YES;
				CLANG_WARN_CONSTANT_CONVERSION = YES;
				CLANG_WARN_DIRECT_OBJC_ISA_USAGE = YES_ERROR;
				CLANG_WARN_EMPTY_BODY = YES;
				CLANG_WARN_ENUM_CONVERSION = YES;
				CLANG_WARN_INT_CONVERSION = YES;
				CLANG_WARN_OBJC_ROOT_CLASS = YES_ERROR;
				CLANG_WARN_UNREACHABLE_CODE = YES;
				CLANG_WARN__DUPLICATE_METHOD_MATCH = YES;
				"CODE_SIGN_IDENTITY[sdk=iphoneos*]" = "iPhone Developer";
				COPY_PHASE_STRIP = NO;
				DEBUG_INFORMATION_FORMAT = "dwarf-with-dsym";
				ENABLE_NS_ASSERTIONS = NO;
				ENABLE_STRICT_OBJC_MSGSEND = YES;
				GCC_C_LANGUAGE_STANDARD = gnu99;
				GCC_NO_COMMON_BLOCKS = YES;
				GCC_WARN_64_TO_32_BIT_CONVERSION = YES;
				GCC_WARN_ABOUT_RETURN_TYPE = YES_ERROR;
				GCC_WARN_UNDECLARED_SELECTOR = YES;
				GCC_WARN_UNINITIALIZED_AUTOS = YES_AGGRESSIVE;
				GCC_WARN_UNUSED_FUNCTION = YES;
				GCC_WARN_UNUSED_VARIABLE = YES;
				IPHONEOS_DEPLOYMENT_TARGET = 9.2;
				MTL_ENABLE_DEBUG_INFO = NO;
				SDKROOT = iphoneos;
				VALIDATE_PRODUCT = YES;
			};
			name = Release;
		};
		06FBAA5E1C633F480037BCCC /* Debug */ = {
			isa = XCBuildConfiguration;
			buildSettings = {
				ASSETCATALOG_COMPILER_APPICON_NAME = AppIcon;
				INFOPLIST_FILE = count2/Info.plist;
				LD_RUNPATH_SEARCH_PATHS = "$(inherited) @executable_path/Frameworks";
				PRODUCT_BUNDLE_IDENTIFIER = "Yuki-Sakata.count2";
				PRODUCT_NAME = "$(TARGET_NAME)";
			};
			name = Debug;
		};
		06FBAA5F1C633F480037BCCC /* Release */ = {
			isa = XCBuildConfiguration;
			buildSettings = {
				ASSETCATALOG_COMPILER_APPICON_NAME = AppIcon;
				INFOPLIST_FILE = count2/Info.plist;
				LD_RUNPATH_SEARCH_PATHS = "$(inherited) @executable_path/Frameworks";
				PRODUCT_BUNDLE_IDENTIFIER = "Yuki-Sakata.count2";
				PRODUCT_NAME = "$(TARGET_NAME)";
			};
			name = Release;
		};
		06FBAA611C633F480037BCCC /* Debug */ = {
			isa = XCBuildConfiguration;
			buildSettings = {
				BUNDLE_LOADER = "$(TEST_HOST)";
				INFOPLIST_FILE = count2Tests/Info.plist;
				LD_RUNPATH_SEARCH_PATHS = "$(inherited) @executable_path/Frameworks @loader_path/Frameworks";
				PRODUCT_BUNDLE_IDENTIFIER = "Yuki-Sakata.count2Tests";
				PRODUCT_NAME = "$(TARGET_NAME)";
				TEST_HOST = "$(BUILT_PRODUCTS_DIR)/count2.app/count2";
			};
			name = Debug;
		};
		06FBAA621C633F480037BCCC /* Release */ = {
			isa = XCBuildConfiguration;
			buildSettings = {
				BUNDLE_LOADER = "$(TEST_HOST)";
				INFOPLIST_FILE = count2Tests/Info.plist;
				LD_RUNPATH_SEARCH_PATHS = "$(inherited) @executable_path/Frameworks @loader_path/Frameworks";
				PRODUCT_BUNDLE_IDENTIFIER = "Yuki-Sakata.count2Tests";
				PRODUCT_NAME = "$(TARGET_NAME)";
				TEST_HOST = "$(BUILT_PRODUCTS_DIR)/count2.app/count2";
			};
			name = Release;
		};
		06FBAA641C633F480037BCCC /* Debug */ = {
			isa = XCBuildConfiguration;
			buildSettings = {
				INFOPLIST_FILE = count2UITests/Info.plist;
				LD_RUNPATH_SEARCH_PATHS = "$(inherited) @executable_path/Frameworks @loader_path/Frameworks";
				PRODUCT_BUNDLE_IDENTIFIER = "Yuki-Sakata.count2UITests";
				PRODUCT_NAME = "$(TARGET_NAME)";
				TEST_TARGET_NAME = count2;
				USES_XCTRUNNER = YES;
			};
			name = Debug;
		};
		06FBAA651C633F480037BCCC /* Release */ = {
			isa = XCBuildConfiguration;
			buildSettings = {
				INFOPLIST_FILE = count2UITests/Info.plist;
				LD_RUNPATH_SEARCH_PATHS = "$(inherited) @executable_path/Frameworks @loader_path/Frameworks";
				PRODUCT_BUNDLE_IDENTIFIER = "Yuki-Sakata.count2UITests";
				PRODUCT_NAME = "$(TARGET_NAME)";
				TEST_TARGET_NAME = count2;
				USES_XCTRUNNER = YES;
			};
			name = Release;
		};
/* End XCBuildConfiguration section */

/* Begin XCConfigurationList section */
		06FBAA301C633F480037BCCC /* Build configuration list for PBXProject "count2" */ = {
			isa = XCConfigurationList;
			buildConfigurations = (
				06FBAA5B1C633F480037BCCC /* Debug */,
				06FBAA5C1C633F480037BCCC /* Release */,
			);
			defaultConfigurationIsVisible = 0;
			defaultConfigurationName = Release;
		};
		06FBAA5D1C633F480037BCCC /* Build configuration list for PBXNativeTarget "count2" */ = {
			isa = XCConfigurationList;
			buildConfigurations = (
				06FBAA5E1C633F480037BCCC /* Debug */,
				06FBAA5F1C633F480037BCCC /* Release */,
			);
			defaultConfigurationIsVisible = 0;
			defaultConfigurationName = Release;
		};
		06FBAA601C633F480037BCCC /* Build configuration list for PBXNativeTarget "count2Tests" */ = {
			isa = XCConfigurationList;
			buildConfigurations = (
				06FBAA611C633F480037BCCC /* Debug */,
				06FBAA621C633F480037BCCC /* Release */,
			);
			defaultConfigurationIsVisible = 0;
			defaultConfigurationName = Release;
		};
		06FBAA631C633F480037BCCC /* Build configuration list for PBXNativeTarget "count2UITests" */ = {
			isa = XCConfigurationList;
			buildConfigurations = (
				06FBAA641C633F480037BCCC /* Debug */,
				06FBAA651C633F480037BCCC /* Release */,
			);
			defaultConfigurationIsVisible = 0;
			defaultConfigurationName = Release;
		};
/* End XCConfigurationList section */
	};
	rootObject = 06FBAA2D1C633F480037BCCC /* Project object */;
}
